<?xml version="1.0" encoding="UTF-8" standalone="yes" ?>
<CodeBlocks_project_file>
	<FileVersion major="1" minor="6" />
	<Project>
		<Option title="magazin" />
		<Option pch_mode="2" />
		<Option compiler="gcc" />
		<Build>
			<Target title="Debug">
				<Option output="bin/Debug/magazin" prefix_auto="1" extension_auto="1" />
				<Option object_output="obj/Debug/" />
				<Option type="1" />
				<Option compiler="gcc" />
				<Compiler>
					<Add option="-g" />
				</Compiler>
			</Target>
			<Target title="Release">
				<Option output="bin/Release/magazin" prefix_auto="1" extension_auto="1" />
				<Option object_output="obj/Release/" />
				<Option type="1" />
				<Option compiler="gcc" />
				<Compiler>
					<Add option="-O2" />
				</Compiler>
				<Linker>
					<Add option="-s" />
				</Linker>
			</Target>
		</Build>
		<Compiler>
			<Add option="-Wall" />
			<Add option="-fexceptions" />
		</Compiler>
		<Unit filename="bere_doza.cpp" />
		<Unit filename="bere_doza.h" />
		<Unit filename="cartofi.cpp" />
		<Unit filename="cartofi.h" />
		<Unit filename="exceptie.h" />
		<Unit filename="faina.cpp" />
		<Unit filename="faina.h" />
		<Unit filename="jucarii.cpp" />
		<Unit filename="jucarii.h" />
		<Unit filename="main.cpp" />
		<Unit filename="produs.cpp" />
		<Unit filename="produs.h" />
		<Unit filename="varza.cpp" />
		<Unit filename="varza.h" />
		<Unit filename="vinsoi.cpp" />
		<Unit filename="vinsoi.h" />
		<Unit filename="vinvarsat.cpp" />
		<Unit filename="vinvarsat.h" />
		<Extensions>
			<code_completion />
			<envvars />
			<debugger />
		</Extensions>
	</Project>
</CodeBlocks_project_file>
